
Microsoft Visual Studio Solution File, Format Version 12.00
Project("{FAE04EC0-301F-11D3-BF4B-00C04F79EFBC}") = "Camells", "Camells\Camells.csproj", "{A66E354B-C726-48ED-9258-CFE3D58F7D29}"
EndProject
Global
	GlobalSection(SolutionConfigurationPlatforms) = preSolution
		Debug|Any CPU = Debug|Any CPU
		Release|Any CPU = Release|Any CPU
	EndGlobalSection
	GlobalSection(ProjectConfigurationPlatforms) = postSolution
		{A66E354B-C726-48ED-9258-CFE3D58F7D29}.Debug|Any CPU.ActiveCfg = Debug|Any CPU
		{A66E354B-C726-48ED-9258-CFE3D58F7D29}.Debug|Any CPU.Build.0 = Debug|Any CPU
		{A66E354B-C726-48ED-9258-CFE3D58F7D29}.Release|Any CPU.ActiveCfg = Release|Any CPU
		{A66E354B-C726-48ED-9258-CFE3D58F7D29}.Release|Any CPU.Build.0 = Release|Any CPU
	EndGlobalSection
EndGlobal
